// !$*UTF8*$!
{
	archiveVersion = 1;
	classes = {
	};
	objectVersion = 46;
	objects = {

/* Begin PBXBuildFile section */
		FA98CD1318B3B0C6002A5948 /* stacktrace.cpp in Sources */ = {isa = PBXBuildFile; fileRef = FA98CD1218B3B0C6002A5948 /* stacktrace.cpp */; };
		FA98DF3818AEB91C0009A960 /* demangle.hpp in Headers */ = {isa = PBXBuildFile; fileRef = FA98DF3618AEB91C0009A960 /* demangle.hpp */; };
		FA98DF3B18AEBEA20009A960 /* demangle.cpp in Sources */ = {isa = PBXBuildFile; fileRef = FA98DF3A18AEBEA20009A960 /* demangle.cpp */; };
/* End PBXBuildFile section */

/* Begin PBXFileReference section */
		FA98CD1118B3B0A8002A5948 /* stacktrace.hpp */ = {isa = PBXFileReference; lastKnownFileType = sourcecode.cpp.h; path = stacktrace.hpp; sourceTree = "<group>"; };
		FA98CD1218B3B0C6002A5948 /* stacktrace.cpp */ = {isa = PBXFileReference; fileEncoding = 4; lastKnownFileType = sourcecode.cpp.cpp; name = stacktrace.cpp; path = impl/stacktrace.cpp; sourceTree = "<group>"; };
		FA98DF2C18AEB62E0009A960 /* libjet_utils.dylib */ = {isa = PBXFileReference; explicitFileType = "compiled.mach-o.dylib"; includeInIndex = 0; path = libjet_utils.dylib; sourceTree = BUILT_PRODUCTS_DIR; };
		FA98DF3618AEB91C0009A960 /* demangle.hpp */ = {isa = PBXFileReference; fileEncoding = 4; lastKnownFileType = sourcecode.cpp.h; path = demangle.hpp; sourceTree = "<group>"; };
		FA98DF3A18AEBEA20009A960 /* demangle.cpp */ = {isa = PBXFileReference; fileEncoding = 4; lastKnownFileType = sourcecode.cpp.cpp; name = demangle.cpp; path = impl/demangle.cpp; sourceTree = "<group>"; };
/* End PBXFileReference section */

/* Begin PBXFrameworksBuildPhase section */
		FA98DF2918AEB62E0009A960 /* Frameworks */ = {
			isa = PBXFrameworksBuildPhase;
			buildActionMask = 2147483647;
			files = (
			);
			runOnlyForDeploymentPostprocessing = 0;
		};
/* End PBXFrameworksBuildPhase section */

/* Begin PBXGroup section */
		FA98DF2318AEB62E0009A960 = {
			isa = PBXGroup;
			children = (
				FA98CD1118B3B0A8002A5948 /* stacktrace.hpp */,
				FA98DF3918AEBA660009A960 /* impl */,
				FA98DF3618AEB91C0009A960 /* demangle.hpp */,
				FA98DF2D18AEB62E0009A960 /* Products */,
			);
			sourceTree = "<group>";
		};
		FA98DF2D18AEB62E0009A960 /* Products */ = {
			isa = PBXGroup;
			children = (
				FA98DF2C18AEB62E0009A960 /* libjet_utils.dylib */,
			);
			name = Products;
			sourceTree = "<group>";
		};
		FA98DF3918AEBA660009A960 /* impl */ = {
			isa = PBXGroup;
			children = (
				FA98DF3A18AEBEA20009A960 /* demangle.cpp */,
				FA98CD1218B3B0C6002A5948 /* stacktrace.cpp */,
			);
			name = impl;
			sourceTree = "<group>";
		};
/* End PBXGroup section */

/* Begin PBXHeadersBuildPhase section */
		FA98DF2A18AEB62E0009A960 /* Headers */ = {
			isa = PBXHeadersBuildPhase;
			buildActionMask = 2147483647;
			files = (
				FA98DF3818AEB91C0009A960 /* demangle.hpp in Headers */,
			);
			runOnlyForDeploymentPostprocessing = 0;
		};
/* End PBXHeadersBuildPhase section */

/* Begin PBXNativeTarget section */
		FA98DF2B18AEB62E0009A960 /* utils */ = {
			isa = PBXNativeTarget;
			buildConfigurationList = FA98DF3018AEB62E0009A960 /* Build configuration list for PBXNativeTarget "utils" */;
			buildPhases = (
				FA98DF2818AEB62E0009A960 /* Sources */,
				FA98DF2918AEB62E0009A960 /* Frameworks */,
				FA98DF2A18AEB62E0009A960 /* Headers */,
			);
			buildRules = (
			);
			dependencies = (
			);
			name = utils;
			productName = utils;
			productReference = FA98DF2C18AEB62E0009A960 /* libjet_utils.dylib */;
			productType = "com.apple.product-type.library.dynamic";
		};
/* End PBXNativeTarget section */

/* Begin PBXProject section */
		FA98DF2418AEB62E0009A960 /* Project object */ = {
			isa = PBXProject;
			attributes = {
				LastUpgradeCheck = 0500;
				ORGANIZATIONNAME = "Alexey Tkachenko";
			};
			buildConfigurationList = FA98DF2718AEB62E0009A960 /* Build configuration list for PBXProject "utils" */;
			compatibilityVersion = "Xcode 3.2";
			developmentRegion = English;
			hasScannedForEncodings = 0;
			knownRegions = (
				en,
			);
			mainGroup = FA98DF2318AEB62E0009A960;
			productRefGroup = FA98DF2D18AEB62E0009A960 /* Products */;
			projectDirPath = "";
			projectRoot = "";
			targets = (
				FA98DF2B18AEB62E0009A960 /* utils */,
			);
		};
/* End PBXProject section */

/* Begin PBXSourcesBuildPhase section */
		FA98DF2818AEB62E0009A960 /* Sources */ = {
			isa = PBXSourcesBuildPhase;
			buildActionMask = 2147483647;
			files = (
				FA98CD1318B3B0C6002A5948 /* stacktrace.cpp in Sources */,
				FA98DF3B18AEBEA20009A960 /* demangle.cpp in Sources */,
			);
			runOnlyForDeploymentPostprocessing = 0;
		};
/* End PBXSourcesBuildPhase section */

/* Begin XCBuildConfiguration section */
		FA98DF2E18AEB62E0009A960 /* Debug */ = {
			isa = XCBuildConfiguration;
			buildSettings = {
				ALWAYS_SEARCH_USER_PATHS = NO;
				CLANG_CXX_LANGUAGE_STANDARD = "c++0x";
				CLANG_CXX_LIBRARY = "libc++";
				CLANG_ENABLE_OBJC_ARC = YES;
				CLANG_WARN_BOOL_CONVERSION = YES;
				CLANG_WARN_CONSTANT_CONVERSION = YES;
				CLANG_WARN_DIRECT_OBJC_ISA_USAGE = YES_ERROR;
				CLANG_WARN_EMPTY_BODY = YES;
				CLANG_WARN_ENUM_CONVERSION = YES;
				CLANG_WARN_INT_CONVERSION = YES;
				CLANG_WARN_OBJC_ROOT_CLASS = YES_ERROR;
				CLANG_WARN__DUPLICATE_METHOD_MATCH = YES;
				COPY_PHASE_STRIP = NO;
				GCC_C_LANGUAGE_STANDARD = gnu99;
				GCC_DYNAMIC_NO_PIC = NO;
				GCC_ENABLE_OBJC_EXCEPTIONS = YES;
				GCC_OPTIMIZATION_LEVEL = 0;
				GCC_PREPROCESSOR_DEFINITIONS = (
					"DEBUG=1",
					"$(inherited)",
				);
				GCC_SYMBOLS_PRIVATE_EXTERN = NO;
				GCC_WARN_64_TO_32_BIT_CONVERSION = YES;
				GCC_WARN_ABOUT_RETURN_TYPE = YES_ERROR;
				GCC_WARN_UNDECLARED_SELECTOR = YES;
				GCC_WARN_UNINITIALIZED_AUTOS = YES;
				GCC_WARN_UNUSED_FUNCTION = YES;
				GCC_WARN_UNUSED_VARIABLE = YES;
				LD_MAP_FILE_PATH = "$(TARGET_TEMP_DIR)/$(PRODUCT_NAME)-LinkMap-$(CURRENT_VARIANT)-$(CURRENT_ARCH).txt";
				MACOSX_DEPLOYMENT_TARGET = 10.9;
				ONLY_ACTIVE_ARCH = YES;
				SDKROOT = macosx;
			};
			name = Debug;
		};
		FA98DF2F18AEB62E0009A960 /* Release */ = {
			isa = XCBuildConfiguration;
			buildSettings = {
				ALWAYS_SEARCH_USER_PATHS = NO;
				CLANG_CXX_LANGUAGE_STANDARD = "c++0x";
				CLANG_CXX_LIBRARY = "libc++";
				CLANG_ENABLE_OBJC_ARC = YES;
				CLANG_WARN_BOOL_CONVERSION = YES;
				CLANG_WARN_CONSTANT_CONVERSION = YES;
				CLANG_WARN_DIRECT_OBJC_ISA_USAGE = YES_ERROR;
				CLANG_WARN_EMPTY_BODY = YES;
				CLANG_WARN_ENUM_CONVERSION = YES;
				CLANG_WARN_INT_CONVERSION = YES;
				CLANG_WARN_OBJC_ROOT_CLASS = YES_ERROR;
				CLANG_WARN__DUPLICATE_METHOD_MATCH = YES;
				COPY_PHASE_STRIP = YES;
				DEBUG_INFORMATION_FORMAT = "dwarf-with-dsym";
				ENABLE_NS_ASSERTIONS = NO;
				GCC_C_LANGUAGE_STANDARD = gnu99;
				GCC_ENABLE_OBJC_EXCEPTIONS = YES;
				GCC_WARN_64_TO_32_BIT_CONVERSION = YES;
				GCC_WARN_ABOUT_RETURN_TYPE = YES_ERROR;
				GCC_WARN_UNDECLARED_SELECTOR = YES;
				GCC_WARN_UNINITIALIZED_AUTOS = YES;
				GCC_WARN_UNUSED_FUNCTION = YES;
				GCC_WARN_UNUSED_VARIABLE = YES;
				LD_MAP_FILE_PATH = "$(TARGET_TEMP_DIR)/$(PRODUCT_NAME)-LinkMap-$(CURRENT_VARIANT)-$(CURRENT_ARCH).txt";
				MACOSX_DEPLOYMENT_TARGET = 10.9;
				SDKROOT = macosx;
			};
			name = Release;
		};
		FA98DF3118AEB62E0009A960 /* Debug */ = {
			isa = XCBuildConfiguration;
			buildSettings = {
				EXECUTABLE_PREFIX = lib;
				HEADER_SEARCH_PATHS = (
					"$(inherited)",
					/Applications/Xcode.app/Contents/Developer/Toolchains/XcodeDefault.xctoolchain/usr/include,
					/Users/alex/local/include,
				);
				LIBRARY_SEARCH_PATHS = /Users/alex/local/include;
				PRODUCT_NAME = "jet_$(TARGET_NAME)";
			};
			name = Debug;
		};
		FA98DF3218AEB62E0009A960 /* Release */ = {
			isa = XCBuildConfiguration;
			buildSettings = {
				EXECUTABLE_PREFIX = lib;
				HEADER_SEARCH_PATHS = (
					"$(inherited)",
					/Applications/Xcode.app/Contents/Developer/Toolchains/XcodeDefault.xctoolchain/usr/include,
					/Users/alex/local/include,
				);
				LIBRARY_SEARCH_PATHS = /Users/alex/local/include;
				PRODUCT_NAME = "jet_$(TARGET_NAME)";
			};
			name = Release;
		};
/* End XCBuildConfiguration section */

/* Begin XCConfigurationList section */
		FA98DF2718AEB62E0009A960 /* Build configuration list for PBXProject "utils" */ = {
			isa = XCConfigurationList;
			buildConfigurations = (
				FA98DF2E18AEB62E0009A960 /* Debug */,
				FA98DF2F18AEB62E0009A960 /* Release */,
			);
			defaultConfigurationIsVisible = 0;
			defaultConfigurationName = Release;
		};
		FA98DF3018AEB62E0009A960 /* Build configuration list for PBXNativeTarget "utils" */ = {
			isa = XCConfigurationList;
			buildConfigurations = (
				FA98DF3118AEB62E0009A960 /* Debug */,
				FA98DF3218AEB62E0009A960 /* Release */,
			);
			defaultConfigurationIsVisible = 0;
			defaultConfigurationName = Release;
		};
/* End XCConfigurationList section */
	};
	rootObject = FA98DF2418AEB62E0009A960 /* Project object */;
}
