// !$*UTF8*$!
{
	archiveVersion = 1;
	classes = {
	};
	objectVersion = 46;
	objects = {

/* Begin PBXBuildFile section */
		FA98DF1618A767380009A960 /* test_singleton.cpp in Sources */ = {isa = PBXBuildFile; fileRef = FA98DF1418A767380009A960 /* test_singleton.cpp */; };
		FA98DF1718A767380009A960 /* test_throw.cpp in Sources */ = {isa = PBXBuildFile; fileRef = FA98DF1518A767380009A960 /* test_throw.cpp */; };
/* End PBXBuildFile section */

/* Begin PBXCopyFilesBuildPhase section */
		FA5ECCEC18955E3200B0F400 /* CopyFiles */ = {
			isa = PBXCopyFilesBuildPhase;
			buildActionMask = 2147483647;
			dstPath = /usr/share/man/man1/;
			dstSubfolderSpec = 0;
			files = (
			);
			runOnlyForDeploymentPostprocessing = 1;
		};
/* End PBXCopyFilesBuildPhase section */

/* Begin PBXFileReference section */
		FA5ECCEE18955E3200B0F400 /* test_application */ = {isa = PBXFileReference; explicitFileType = "compiled.mach-o.executable"; includeInIndex = 0; path = test_application; sourceTree = BUILT_PRODUCTS_DIR; };
		FA98DF1418A767380009A960 /* test_singleton.cpp */ = {isa = PBXFileReference; fileEncoding = 4; lastKnownFileType = sourcecode.cpp.cpp; path = test_singleton.cpp; sourceTree = "<group>"; };
		FA98DF1518A767380009A960 /* test_throw.cpp */ = {isa = PBXFileReference; fileEncoding = 4; lastKnownFileType = sourcecode.cpp.cpp; path = test_throw.cpp; sourceTree = "<group>"; };
/* End PBXFileReference section */

/* Begin PBXFrameworksBuildPhase section */
		FA5ECCEB18955E3200B0F400 /* Frameworks */ = {
			isa = PBXFrameworksBuildPhase;
			buildActionMask = 2147483647;
			files = (
			);
			runOnlyForDeploymentPostprocessing = 0;
		};
/* End PBXFrameworksBuildPhase section */

/* Begin PBXGroup section */
		FA5ECCE518955E3200B0F400 = {
			isa = PBXGroup;
			children = (
				FA98DF1418A767380009A960 /* test_singleton.cpp */,
				FA98DF1518A767380009A960 /* test_throw.cpp */,
				FA5ECCEF18955E3200B0F400 /* Products */,
			);
			sourceTree = "<group>";
		};
		FA5ECCEF18955E3200B0F400 /* Products */ = {
			isa = PBXGroup;
			children = (
				FA5ECCEE18955E3200B0F400 /* test_application */,
			);
			name = Products;
			sourceTree = "<group>";
		};
/* End PBXGroup section */

/* Begin PBXNativeTarget section */
		FA5ECCED18955E3200B0F400 /* test_application */ = {
			isa = PBXNativeTarget;
			buildConfigurationList = FA5ECCF718955E3200B0F400 /* Build configuration list for PBXNativeTarget "test_application" */;
			buildPhases = (
				FA5ECCEA18955E3200B0F400 /* Sources */,
				FA5ECCEB18955E3200B0F400 /* Frameworks */,
				FA5ECCEC18955E3200B0F400 /* CopyFiles */,
			);
			buildRules = (
			);
			dependencies = (
			);
			name = test_application;
			productName = test_application;
			productReference = FA5ECCEE18955E3200B0F400 /* test_application */;
			productType = "com.apple.product-type.tool";
		};
/* End PBXNativeTarget section */

/* Begin PBXProject section */
		FA5ECCE618955E3200B0F400 /* Project object */ = {
			isa = PBXProject;
			attributes = {
				LastUpgradeCheck = 0500;
				ORGANIZATIONNAME = "Alexey Tkachenko";
			};
			buildConfigurationList = FA5ECCE918955E3200B0F400 /* Build configuration list for PBXProject "test_application" */;
			compatibilityVersion = "Xcode 3.2";
			developmentRegion = English;
			hasScannedForEncodings = 0;
			knownRegions = (
				en,
			);
			mainGroup = FA5ECCE518955E3200B0F400;
			productRefGroup = FA5ECCEF18955E3200B0F400 /* Products */;
			projectDirPath = "";
			projectRoot = "";
			targets = (
				FA5ECCED18955E3200B0F400 /* test_application */,
			);
		};
/* End PBXProject section */

/* Begin PBXSourcesBuildPhase section */
		FA5ECCEA18955E3200B0F400 /* Sources */ = {
			isa = PBXSourcesBuildPhase;
			buildActionMask = 2147483647;
			files = (
				FA98DF1718A767380009A960 /* test_throw.cpp in Sources */,
				FA98DF1618A767380009A960 /* test_singleton.cpp in Sources */,
			);
			runOnlyForDeploymentPostprocessing = 0;
		};
/* End PBXSourcesBuildPhase section */

/* Begin XCBuildConfiguration section */
		FA5ECCF518955E3200B0F400 /* Debug */ = {
			isa = XCBuildConfiguration;
			buildSettings = {
				ALWAYS_SEARCH_USER_PATHS = NO;
				CLANG_CXX_LANGUAGE_STANDARD = "c++0x";
				CLANG_CXX_LIBRARY = "libc++";
				CLANG_ENABLE_OBJC_ARC = YES;
				CLANG_WARN_BOOL_CONVERSION = YES;
				CLANG_WARN_CONSTANT_CONVERSION = YES;
				CLANG_WARN_DIRECT_OBJC_ISA_USAGE = YES_ERROR;
				CLANG_WARN_EMPTY_BODY = YES;
				CLANG_WARN_ENUM_CONVERSION = YES;
				CLANG_WARN_INT_CONVERSION = YES;
				CLANG_WARN_OBJC_ROOT_CLASS = YES_ERROR;
				CLANG_WARN__DUPLICATE_METHOD_MATCH = YES;
				COPY_PHASE_STRIP = NO;
				GCC_C_LANGUAGE_STANDARD = gnu99;
				GCC_DYNAMIC_NO_PIC = NO;
				GCC_ENABLE_OBJC_EXCEPTIONS = YES;
				GCC_OPTIMIZATION_LEVEL = 0;
				GCC_PREPROCESSOR_DEFINITIONS = (
					"DEBUG=1",
					"$(inherited)",
				);
				GCC_SYMBOLS_PRIVATE_EXTERN = NO;
				GCC_WARN_64_TO_32_BIT_CONVERSION = YES;
				GCC_WARN_ABOUT_RETURN_TYPE = YES_ERROR;
				GCC_WARN_UNDECLARED_SELECTOR = YES;
				GCC_WARN_UNINITIALIZED_AUTOS = YES;
				GCC_WARN_UNUSED_FUNCTION = YES;
				GCC_WARN_UNUSED_VARIABLE = YES;
				HEADER_SEARCH_PATHS = (
					"$(inherited)",
					/Applications/Xcode.app/Contents/Developer/Toolchains/XcodeDefault.xctoolchain/usr/include,
					/Users/alex/local/include,
					../../../framework,
				);
				LIBRARY_SEARCH_PATHS = /Users/alex/local/lib;
				MACOSX_DEPLOYMENT_TARGET = 10.9;
				ONLY_ACTIVE_ARCH = YES;
				OTHER_LDFLAGS = (
					"-lgtest",
					"-lgtest_main",
					"-ljet_application",
				);
				SDKROOT = macosx;
			};
			name = Debug;
		};
		FA5ECCF618955E3200B0F400 /* Release */ = {
			isa = XCBuildConfiguration;
			buildSettings = {
				ALWAYS_SEARCH_USER_PATHS = NO;
				CLANG_CXX_LANGUAGE_STANDARD = "c++0x";
				CLANG_CXX_LIBRARY = "libc++";
				CLANG_ENABLE_OBJC_ARC = YES;
				CLANG_WARN_BOOL_CONVERSION = YES;
				CLANG_WARN_CONSTANT_CONVERSION = YES;
				CLANG_WARN_DIRECT_OBJC_ISA_USAGE = YES_ERROR;
				CLANG_WARN_EMPTY_BODY = YES;
				CLANG_WARN_ENUM_CONVERSION = YES;
				CLANG_WARN_INT_CONVERSION = YES;
				CLANG_WARN_OBJC_ROOT_CLASS = YES_ERROR;
				CLANG_WARN__DUPLICATE_METHOD_MATCH = YES;
				COPY_PHASE_STRIP = YES;
				DEBUG_INFORMATION_FORMAT = "dwarf-with-dsym";
				ENABLE_NS_ASSERTIONS = NO;
				GCC_C_LANGUAGE_STANDARD = gnu99;
				GCC_ENABLE_OBJC_EXCEPTIONS = YES;
				GCC_WARN_64_TO_32_BIT_CONVERSION = YES;
				GCC_WARN_ABOUT_RETURN_TYPE = YES_ERROR;
				GCC_WARN_UNDECLARED_SELECTOR = YES;
				GCC_WARN_UNINITIALIZED_AUTOS = YES;
				GCC_WARN_UNUSED_FUNCTION = YES;
				GCC_WARN_UNUSED_VARIABLE = YES;
				HEADER_SEARCH_PATHS = (
					"$(inherited)",
					/Applications/Xcode.app/Contents/Developer/Toolchains/XcodeDefault.xctoolchain/usr/include,
					/Users/alex/local/include,
					../../../framework,
				);
				LIBRARY_SEARCH_PATHS = /Users/alex/local/lib;
				MACOSX_DEPLOYMENT_TARGET = 10.9;
				OTHER_LDFLAGS = (
					"-lgtest",
					"-lgtest_main",
					"-ljet_application",
				);
				SDKROOT = macosx;
			};
			name = Release;
		};
		FA5ECCF818955E3200B0F400 /* Debug */ = {
			isa = XCBuildConfiguration;
			buildSettings = {
				PRODUCT_NAME = "$(TARGET_NAME)";
			};
			name = Debug;
		};
		FA5ECCF918955E3200B0F400 /* Release */ = {
			isa = XCBuildConfiguration;
			buildSettings = {
				PRODUCT_NAME = "$(TARGET_NAME)";
			};
			name = Release;
		};
/* End XCBuildConfiguration section */

/* Begin XCConfigurationList section */
		FA5ECCE918955E3200B0F400 /* Build configuration list for PBXProject "test_application" */ = {
			isa = XCConfigurationList;
			buildConfigurations = (
				FA5ECCF518955E3200B0F400 /* Debug */,
				FA5ECCF618955E3200B0F400 /* Release */,
			);
			defaultConfigurationIsVisible = 0;
			defaultConfigurationName = Release;
		};
		FA5ECCF718955E3200B0F400 /* Build configuration list for PBXNativeTarget "test_application" */ = {
			isa = XCConfigurationList;
			buildConfigurations = (
				FA5ECCF818955E3200B0F400 /* Debug */,
				FA5ECCF918955E3200B0F400 /* Release */,
			);
			defaultConfigurationIsVisible = 0;
			defaultConfigurationName = Release;
		};
/* End XCConfigurationList section */
	};
	rootObject = FA5ECCE618955E3200B0F400 /* Project object */;
}
